{
    "name": "node",
    "lockfileVersion": 2,
    "requires": true,
    "packages": {
        "": {
            "devDependencies": {
                "moosay": "^1.0.4"
            }
        },
        "node_modules/ansi-regex": {
            "version": "3.0.1",
            "resolved": "https://registry.npmjs.org/ansi-regex/-/ansi-regex-3.0.1.tgz",
            "integrity": "sha512-+O9Jct8wf++lXxxFc4hc8LsjaSq0HFzzL7cVsw8pRDIPdjKD2mT4ytDZlLuSBZ4cLKZFXIrMGO7DbQCtMJJMKw==",
            "dev": true,
            "engines": {
                "node": ">=4"
            }
        },
        "node_modules/commander": {
            "version": "2.20.3",
            "resolved": "https://registry.npmjs.org/commander/-/commander-2.20.3.tgz",
            "integrity": "sha512-GpVkmM8vF2vQUkj2LvZmD35JxeJOLCwJ9cUkugyk2nuhbv3+mJvpLYYt+0+USMxE+oj+ey/lJEnhZw75x/OMcQ==",
            "dev": true
        },
        "node_modules/get-stdin": {
            "version": "5.0.1",
            "resolved": "https://registry.npmjs.org/get-stdin/-/get-stdin-5.0.1.tgz",
            "integrity": "sha512-jZV7n6jGE3Gt7fgSTJoz91Ak5MuTLwMwkoYdjxuJ/AmjIsE1UC03y/IWkZCQGEvVNS9qoRNwy5BCqxImv0FVeA==",
            "dev": true,
            "engines": {
                "node": ">=0.12.0"
            }
        },
        "node_modules/is-fullwidth-code-point": {
            "version": "2.0.0",
            "resolved": "https://registry.npmjs.org/is-fullwidth-code-point/-/is-fullwidth-code-point-2.0.0.tgz",
            "integrity": "sha512-VHskAKYM8RfSFXwee5t5cbN5PZeq1Wrh6qd5bkyiXIf6UQcN6w/A0eXM9r6t8d+GYOh+o6ZhiEnb88LN/Y8m2w==",
            "dev": true,
            "engines": {
                "node": ">=4"
            }
        },
        "node_modules/minimist": {
            "version": "0.0.10",
            "resolved": "https://registry.npmjs.org/minimist/-/minimist-0.0.10.tgz",
            "integrity": "sha512-iotkTvxc+TwOm5Ieim8VnSNvCDjCK9S8G3scJ50ZthspSxa7jx50jkhYduuAtAjvfDUwSgOwf8+If99AlOEhyw==",
            "dev": true
        },
        "node_modules/moosay": {
            "version": "1.0.5",
            "resolved": "https://registry.npmjs.org/moosay/-/moosay-1.0.5.tgz",
            "integrity": "sha512-+anpqz0LA9Ag/KrJWvTkaUBO02pEdu7ROLUnFyd2CM2qClrnoarPHpQEd78AM8gjJnZSFLd193D+gU+eWikupA==",
            "dev": true,
            "dependencies": {
                "commander": "^2.19.0",
                "get-stdin": "^5.0.1",
                "optimist": "~0.6.1",
                "string-width": "~2.1.1",
                "strip-eof": "^1.0.0"
            },
            "bin": {
                "cowsay": "cli.js",
                "cowthink": "cli.js"
            }
        },
        "node_modules/optimist": {
            "version": "0.6.1",
            "resolved": "https://registry.npmjs.org/optimist/-/optimist-0.6.1.tgz",
            "integrity": "sha1-2j6nRob6IaGaERwybpDrFaAZZoY=",
            "dev": true,
            "dependencies": {
                "minimist": "~0.0.1",
                "wordwrap": "~0.0.2"
            }
        },
        "node_modules/string-width": {
            "version": "2.1.1",
            "resolved": "https://registry.npmjs.org/string-width/-/string-width-2.1.1.tgz",
            "integrity": "sha512-nOqH59deCq9SRHlxq1Aw85Jnt4w6KvLKqWVik6oA9ZklXLNIOlqg4F2yrT1MVaTjAqvVwdfeZ7w7aCvJD7ugkw==",
            "dev": true,
            "dependencies": {
                "is-fullwidth-code-point": "^2.0.0",
                "strip-ansi": "^4.0.0"
            },
            "engines": {
                "node": ">=4"
            }
        },
        "node_modules/strip-ansi": {
            "version": "4.0.0",
            "resolved": "https://registry.npmjs.org/strip-ansi/-/strip-ansi-4.0.0.tgz",
            "integrity": "sha1-qEeQIusaw2iocTibY1JixQXuNo8=",
            "dev": true,
            "dependencies": {
                "ansi-regex": "^3.0.0"
            },
            "engines": {
                "node": ">=4"
            }
        },
        "node_modules/strip-eof": {
            "version": "1.0.0",
            "resolved": "https://registry.npmjs.org/strip-eof/-/strip-eof-1.0.0.tgz",
            "integrity": "sha1-u0P/VZim6wXYm1n80SnJgzE2Br8=",
            "dev": true,
            "engines": {
                "node": ">=0.10.0"
            }
        },
        "node_modules/wordwrap": {
            "version": "0.0.3",
            "resolved": "https://registry.npmjs.org/wordwrap/-/wordwrap-0.0.3.tgz",
            "integrity": "sha1-o9XabNXAvAAI03I0u68b7WMFkQc=",
            "dev": true,
            "engines": {
                "node": ">=0.4.0"
            }
        }
    },
    "dependencies": {
        "ansi-regex": {
            "version": "3.0.1",
            "resolved": "https://registry.npmjs.org/ansi-regex/-/ansi-regex-3.0.1.tgz",
            "integrity": "sha512-+O9Jct8wf++lXxxFc4hc8LsjaSq0HFzzL7cVsw8pRDIPdjKD2mT4ytDZlLuSBZ4cLKZFXIrMGO7DbQCtMJJMKw==",
            "dev": true
        },
        "commander": {
            "version": "2.20.3",
            "resolved": "https://registry.npmjs.org/commander/-/commander-2.20.3.tgz",
            "integrity": "sha512-GpVkmM8vF2vQUkj2LvZmD35JxeJOLCwJ9cUkugyk2nuhbv3+mJvpLYYt+0+USMxE+oj+ey/lJEnhZw75x/OMcQ==",
            "dev": true
        },
        "get-stdin": {
            "version": "5.0.1",
            "resolved": "https://registry.npmjs.org/get-stdin/-/get-stdin-5.0.1.tgz",
            "integrity": "sha512-jZV7n6jGE3Gt7fgSTJoz91Ak5MuTLwMwkoYdjxuJ/AmjIsE1UC03y/IWkZCQGEvVNS9qoRNwy5BCqxImv0FVeA==",
            "dev": true
        },
        "is-fullwidth-code-point": {
            "version": "2.0.0",
            "resolved": "https://registry.npmjs.org/is-fullwidth-code-point/-/is-fullwidth-code-point-2.0.0.tgz",
            "integrity": "sha512-VHskAKYM8RfSFXwee5t5cbN5PZeq1Wrh6qd5bkyiXIf6UQcN6w/A0eXM9r6t8d+GYOh+o6ZhiEnb88LN/Y8m2w==",
            "dev": true
        },
        "minimist": {
            "version": "0.0.10",
            "resolved": "https://registry.npmjs.org/minimist/-/minimist-0.0.10.tgz",
            "integrity": "sha512-iotkTvxc+TwOm5Ieim8VnSNvCDjCK9S8G3scJ50ZthspSxa7jx50jkhYduuAtAjvfDUwSgOwf8+If99AlOEhyw==",
            "dev": true
        },
        "moosay": {
            "version": "1.0.5",
            "resolved": "https://registry.npmjs.org/moosay/-/moosay-1.0.5.tgz",
            "integrity": "sha512-+anpqz0LA9Ag/KrJWvTkaUBO02pEdu7ROLUnFyd2CM2qClrnoarPHpQEd78AM8gjJnZSFLd193D+gU+eWikupA==",
            "dev": true,
            "requires": {
                "commander": "^2.19.0",
                "get-stdin": "^5.0.1",
                "optimist": "~0.6.1",
                "string-width": "~2.1.1",
                "strip-eof": "^1.0.0"
            }
        },
        "optimist": {
            "version": "0.6.1",
            "resolved": "https://registry.npmjs.org/optimist/-/optimist-0.6.1.tgz",
            "integrity": "sha1-2j6nRob6IaGaERwybpDrFaAZZoY=",
            "dev": true,
            "requires": {
                "minimist": "~0.0.1",
                "wordwrap": "~0.0.2"
            }
        },
        "string-width": {
            "version": "2.1.1",
            "resolved": "https://registry.npmjs.org/string-width/-/string-width-2.1.1.tgz",
            "integrity": "sha512-nOqH59deCq9SRHlxq1Aw85Jnt4w6KvLKqWVik6oA9ZklXLNIOlqg4F2yrT1MVaTjAqvVwdfeZ7w7aCvJD7ugkw==",
            "dev": true,
            "requires": {
                "is-fullwidth-code-point": "^2.0.0",
                "strip-ansi": "^4.0.0"
            }
        },
        "strip-ansi": {
            "version": "4.0.0",
            "resolved": "https://registry.npmjs.org/strip-ansi/-/strip-ansi-4.0.0.tgz",
            "integrity": "sha1-qEeQIusaw2iocTibY1JixQXuNo8=",
            "dev": true,
            "requires": {
                "ansi-regex": "^3.0.0"
            }
        },
        "strip-eof": {
            "version": "1.0.0",
            "resolved": "https://registry.npmjs.org/strip-eof/-/strip-eof-1.0.0.tgz",
            "integrity": "sha1-u0P/VZim6wXYm1n80SnJgzE2Br8=",
            "dev": true
        },
        "wordwrap": {
            "version": "0.0.3",
            "resolved": "https://registry.npmjs.org/wordwrap/-/wordwrap-0.0.3.tgz",
            "integrity": "sha1-o9XabNXAvAAI03I0u68b7WMFkQc=",
            "dev": true
        }
    }
}
